
Microsoft Visual Studio Solution File, Format Version 12.00
# Visual Studio 15
VisualStudioVersion = 15.0.27130.2036
MinimumVisualStudioVersion = 10.0.40219.1
Project("{FAE04EC0-301F-11D3-BF4B-00C04F79EFBC}") = "Grafph with classes", "Grafph with classes\Grafph with classes.csproj", "{3C60E36E-7576-4A98-B40B-4A96F9103083}"
EndProject
Global
	GlobalSection(SolutionConfigurationPlatforms) = preSolution
		Debug|Any CPU = Debug|Any CPU
		Release|Any CPU = Release|Any CPU
	EndGlobalSection
	GlobalSection(ProjectConfigurationPlatforms) = postSolution
		{3C60E36E-7576-4A98-B40B-4A96F9103083}.Debug|Any CPU.ActiveCfg = Debug|Any CPU
		{3C60E36E-7576-4A98-B40B-4A96F9103083}.Debug|Any CPU.Build.0 = Debug|Any CPU
		{3C60E36E-7576-4A98-B40B-4A96F9103083}.Release|Any CPU.ActiveCfg = Release|Any CPU
		{3C60E36E-7576-4A98-B40B-4A96F9103083}.Release|Any CPU.Build.0 = Release|Any CPU
	EndGlobalSection
	GlobalSection(SolutionProperties) = preSolution
		HideSolutionNode = FALSE
	EndGlobalSection
	GlobalSection(ExtensibilityGlobals) = postSolution
		SolutionGuid = {5613374A-D185-4A14-A1A7-A5AAED92B6E9}
	EndGlobalSection
EndGlobal
